
Microsoft Visual Studio Solution File, Format Version 12.00
# Visual Studio Version 16
VisualStudioVersion = 16.0.30413.136
MinimumVisualStudioVersion = 10.0.40219.1
Project("{9A19103F-16F7-4668-BE54-9A1E7A4F7556}") = "IAsyncEnumerable.ConsoleApp", "IAsyncEnumerable.ConsoleApp\IAsyncEnumerable.ConsoleApp.csproj", "{042D2727-0FF7-40C1-A9AE-0E0318467CB8}"
EndProject
Project("{FAE04EC0-301F-11D3-BF4B-00C04F79EFBC}") = "IssuePRreport", "IssuePRreport\IssuePRreport.csproj", "{2FAE4F56-2155-4372-8655-7E54D09030AF}"
EndProject
Global
	GlobalSection(SolutionConfigurationPlatforms) = preSolution
		Debug|Any CPU = Debug|Any CPU
		Release|Any CPU = Release|Any CPU
	EndGlobalSection
	GlobalSection(ProjectConfigurationPlatforms) = postSolution
		{042D2727-0FF7-40C1-A9AE-0E0318467CB8}.Debug|Any CPU.ActiveCfg = Debug|Any CPU
		{042D2727-0FF7-40C1-A9AE-0E0318467CB8}.Debug|Any CPU.Build.0 = Debug|Any CPU
		{042D2727-0FF7-40C1-A9AE-0E0318467CB8}.Release|Any CPU.ActiveCfg = Release|Any CPU
		{042D2727-0FF7-40C1-A9AE-0E0318467CB8}.Release|Any CPU.Build.0 = Release|Any CPU
		{2FAE4F56-2155-4372-8655-7E54D09030AF}.Debug|Any CPU.ActiveCfg = Debug|Any CPU
		{2FAE4F56-2155-4372-8655-7E54D09030AF}.Debug|Any CPU.Build.0 = Debug|Any CPU
		{2FAE4F56-2155-4372-8655-7E54D09030AF}.Release|Any CPU.ActiveCfg = Release|Any CPU
		{2FAE4F56-2155-4372-8655-7E54D09030AF}.Release|Any CPU.Build.0 = Release|Any CPU
	EndGlobalSection
	GlobalSection(SolutionProperties) = preSolution
		HideSolutionNode = FALSE
	EndGlobalSection
	GlobalSection(ExtensibilityGlobals) = postSolution
		SolutionGuid = {817BD4E7-AC47-4522-99AB-1CBEB9D5FC3A}
	EndGlobalSection
EndGlobal
